{
  "version": 4,
  "terraform_version": "1.14.6",
  "serial": 39,
  "lineage": "2710e58d-55d3-a362-ba21-05211ae86e54",
  "outputs": {},
  "resources": [
    {
      "mode": "managed",
      "type": "azurerm_virtual_network_peering",
      "name": "peer",
      "provider": "provider[\"registry.terraform.io/hashicorp/azurerm\"]",
      "instances": [
        {
          "index_key": "vnet1",
          "schema_version": 0,
          "attributes": {
            "allow_forwarded_traffic": false,
            "allow_gateway_transit": false,
            "allow_virtual_network_access": true,
            "id": "/subscriptions/521d583a-1bad-4b17-8fe8-404be62f6fd3/resourceGroups/rg_st/providers/Microsoft.Network/virtualNetworks/rg_vneta/virtualNetworkPeerings/peer1to2",
            "local_subnet_names": null,
            "name": "peer1to2",
            "only_ipv6_peering_enabled": false,
            "peer_complete_virtual_networks_enabled": true,
            "remote_subnet_names": null,
            "remote_virtual_network_id": "/subscriptions/521d583a-1bad-4b17-8fe8-404be62f6fd3/resourceGroups/rg_st/providers/Microsoft.Network/virtualNetworks/rg_vnetb",
            "resource_group_name": "rg_st",
            "timeouts": null,
            "triggers": null,
            "use_remote_gateways": false,
            "virtual_network_name": "rg_vneta"
          },
          "sensitive_attributes": [],
          "identity_schema_version": 0,
          "private": "eyJlMmJmYjczMC1lY2FhLTExZTYtOGY4OC0zNDM2M2JjN2M0YzAiOnsiY3JlYXRlIjoxODAwMDAwMDAwMDAwLCJkZWxldGUiOjE4MDAwMDAwMDAwMDAsInJlYWQiOjMwMDAwMDAwMDAwMCwidXBkYXRlIjoxODAwMDAwMDAwMDAwfX0="
        },
        {
          "index_key": "vnet2",
          "schema_version": 0,
          "attributes": {
            "allow_forwarded_traffic": false,
            "allow_gateway_transit": false,
            "allow_virtual_network_access": true,
            "id": "/subscriptions/521d583a-1bad-4b17-8fe8-404be62f6fd3/resourceGroups/rg_st/providers/Microsoft.Network/virtualNetworks/rg_vnetb/virtualNetworkPeerings/peer2to1",
            "local_subnet_names": null,
            "name": "peer2to1",
            "only_ipv6_peering_enabled": false,
            "peer_complete_virtual_networks_enabled": true,
            "remote_subnet_names": null,
            "remote_virtual_network_id": "/subscriptions/521d583a-1bad-4b17-8fe8-404be62f6fd3/resourceGroups/rg_st/providers/Microsoft.Network/virtualNetworks/rg_vneta",
            "resource_group_name": "rg_st",
            "timeouts": null,
            "triggers": null,
            "use_remote_gateways": false,
            "virtual_network_name": "rg_vnetb"
          },
          "sensitive_attributes": [],
          "identity_schema_version": 0,
          "private": "eyJlMmJmYjczMC1lY2FhLTExZTYtOGY4OC0zNDM2M2JjN2M0YzAiOnsiY3JlYXRlIjoxODAwMDAwMDAwMDAwLCJkZWxldGUiOjE4MDAwMDAwMDAwMDAsInJlYWQiOjMwMDAwMDAwMDAwMCwidXBkYXRlIjoxODAwMDAwMDAwMDAwfX0="
        }
      ]
    }
  ],
  "check_results": null
}
