{
  "version": 4,
  "terraform_version": "1.14.6",
  "serial": 3,
  "lineage": "9861f8fc-c3ac-71b9-2294-60230d3ffab0",
  "outputs": {},
  "resources": [
    {
      "mode": "managed",
      "type": "azurerm_network_security_group",
      "name": "example",
      "provider": "provider[\"registry.terraform.io/hashicorp/azurerm\"]",
      "instances": [
        {
          "index_key": "nsg1",
          "schema_version": 0,
          "attributes": {
            "id": "/subscriptions/521d583a-1bad-4b17-8fe8-404be62f6fd3/resourceGroups/prod-rg/providers/Microsoft.Network/networkSecurityGroups/test-nsg",
            "location": "centralindia",
            "name": "test-nsg",
            "resource_group_name": "prod-rg",
            "security_rule": [],
            "tags": null,
            "timeouts": null
          },
          "sensitive_attributes": [],
          "identity_schema_version": 0,
          "private": "eyJlMmJmYjczMC1lY2FhLTExZTYtOGY4OC0zNDM2M2JjN2M0YzAiOnsiY3JlYXRlIjoxODAwMDAwMDAwMDAwLCJkZWxldGUiOjE4MDAwMDAwMDAwMDAsInJlYWQiOjMwMDAwMDAwMDAwMCwidXBkYXRlIjoxODAwMDAwMDAwMDAwfX0="
        },
        {
          "index_key": "nsg2",
          "schema_version": 0,
          "attributes": {
            "id": "/subscriptions/521d583a-1bad-4b17-8fe8-404be62f6fd3/resourceGroups/prod-rg/providers/Microsoft.Network/networkSecurityGroups/test-nsg1",
            "location": "centralindia",
            "name": "test-nsg1",
            "resource_group_name": "prod-rg",
            "security_rule": [],
            "tags": null,
            "timeouts": null
          },
          "sensitive_attributes": [],
          "identity_schema_version": 0,
          "private": "eyJlMmJmYjczMC1lY2FhLTExZTYtOGY4OC0zNDM2M2JjN2M0YzAiOnsiY3JlYXRlIjoxODAwMDAwMDAwMDAwLCJkZWxldGUiOjE4MDAwMDAwMDAwMDAsInJlYWQiOjMwMDAwMDAwMDAwMCwidXBkYXRlIjoxODAwMDAwMDAwMDAwfX0="
        }
      ]
    }
  ],
  "check_results": null
}
